
Microsoft Visual Studio Solution File, Format Version 12.00
# Visual Studio Version 17
VisualStudioVersion = 17.11.35327.3
MinimumVisualStudioVersion = 10.0.40219.1
Project("{9A19103F-16F7-4668-BE54-9A1E7A4F7556}") = "SudokuSolver.Core", "SudokuSolver.Core\SudokuSolver.Core.csproj", "{239033B7-7868-4FD0-A3C7-02F1FDB3A767}"
EndProject
Project("{FAE04EC0-301F-11D3-BF4B-00C04F79EFBC}") = "SudokuSolver.ConsoleApp", "SudokuSolver.ConsoleApp\SudokuSolver.ConsoleApp.csproj", "{1D223BD7-A5ED-4492-8CEE-E0DE90D63B60}"
EndProject
Global
	GlobalSection(SolutionConfigurationPlatforms) = preSolution
		Debug|Any CPU = Debug|Any CPU
		Release|Any CPU = Release|Any CPU
	EndGlobalSection
	GlobalSection(ProjectConfigurationPlatforms) = postSolution
		{239033B7-7868-4FD0-A3C7-02F1FDB3A767}.Debug|Any CPU.ActiveCfg = Debug|Any CPU
		{239033B7-7868-4FD0-A3C7-02F1FDB3A767}.Debug|Any CPU.Build.0 = Debug|Any CPU
		{239033B7-7868-4FD0-A3C7-02F1FDB3A767}.Release|Any CPU.ActiveCfg = Release|Any CPU
		{239033B7-7868-4FD0-A3C7-02F1FDB3A767}.Release|Any CPU.Build.0 = Release|Any CPU
		{1D223BD7-A5ED-4492-8CEE-E0DE90D63B60}.Debug|Any CPU.ActiveCfg = Debug|Any CPU
		{1D223BD7-A5ED-4492-8CEE-E0DE90D63B60}.Debug|Any CPU.Build.0 = Debug|Any CPU
		{1D223BD7-A5ED-4492-8CEE-E0DE90D63B60}.Release|Any CPU.ActiveCfg = Release|Any CPU
		{1D223BD7-A5ED-4492-8CEE-E0DE90D63B60}.Release|Any CPU.Build.0 = Release|Any CPU
	EndGlobalSection
	GlobalSection(SolutionProperties) = preSolution
		HideSolutionNode = FALSE
	EndGlobalSection
	GlobalSection(ExtensibilityGlobals) = postSolution
		SolutionGuid = {3811039A-1D66-4E49-A683-A7BACD1614D2}
	EndGlobalSection
EndGlobal
